# -------------------------------------------------------------------------- #
#
# Copyright (C) 1991-2010 Altera Corporation
# Your use of Altera Corporation's design tools, logic functions 
# and other software and tools, and its AMPP partner logic 
# functions, and any output files from any of the foregoing 
# (including device programming or simulation files), and any 
# associated documentation or information are expressly subject 
# to the terms and conditions of the Altera Program License 
# Subscription Agreement, Altera MegaCore Function License 
# Agreement, or other applicable license agreement, including, 
# without limitation, that your use is for the sole purpose of 
# programming logic devices manufactured by Altera and sold by 
# Altera or its authorized distributors.  Please refer to the 
# applicable agreement for further details.
#
# -------------------------------------------------------------------------- #
#
# Quartus II 64-Bit
# Version 9.1 Build 304 01/25/2010 Service Pack 1 SJ Full Version
# Date created = 10:15:12  November 10, 2017
#
# -------------------------------------------------------------------------- #
#
# Notes:
#
# 1) The default values for assignments are stored in the file:
#		plasma_assignment_defaults.qdf
#    If this file doesn't exist, see file:
#		assignment_defaults.qdf
#
# 2) Altera recommends that you do not modify this file. This
#    file is updated automatically by the Quartus II software
#    and any changes you make may be lost or overwritten.
#
# -------------------------------------------------------------------------- #


set_global_assignment -name FAMILY "Cyclone II"
set_global_assignment -name DEVICE EP2C35F672C6
set_global_assignment -name TOP_LEVEL_ENTITY plasma
set_global_assignment -name ORIGINAL_QUARTUS_VERSION "9.1 SP1"
set_global_assignment -name PROJECT_CREATION_TIME_DATE "10:15:12  NOVEMBER 10, 2017"
set_global_assignment -name LAST_QUARTUS_VERSION "9.1 SP1"
set_global_assignment -name EDA_SIMULATION_TOOL "ModelSim-Altera (VHDL)"
set_global_assignment -name EDA_OUTPUT_DATA_FORMAT VHDL -section_id eda_simulation
set_global_assignment -name USE_GENERATED_PHYSICAL_CONSTRAINTS OFF -section_id eda_blast_fpga
set_global_assignment -name VHDL_FILE alu.vhd
set_global_assignment -name VHDL_FILE bus_mux.vhd
set_global_assignment -name VHDL_FILE control.vhd
set_global_assignment -name VHDL_FILE ddr_ctrl.vhd
set_global_assignment -name VHDL_FILE eth_dma.vhd
set_global_assignment -name VHDL_FILE mem_ctrl.vhd
set_global_assignment -name VHDL_FILE mlite_cpu.vhd
set_global_assignment -name VHDL_FILE mlite_pack.vhd
set_global_assignment -name VHDL_FILE mult.vhd
set_global_assignment -name VHDL_FILE pc_next.vhd
set_global_assignment -name VHDL_FILE pipeline.vhd
set_global_assignment -name VHDL_FILE plasma.vhd
set_global_assignment -name VHDL_FILE plasma_tbw.vhd
set_global_assignment -name VHDL_FILE ram.vhd
set_global_assignment -name VHDL_FILE reg_bank.vhd
set_global_assignment -name VHDL_FILE shifter.vhd
set_global_assignment -name VHDL_FILE uart.vhd
set_global_assignment -name MIN_CORE_JUNCTION_TEMP 0
set_global_assignment -name MAX_CORE_JUNCTION_TEMP 85
set_global_assignment -name EDA_TEST_BENCH_ENABLE_STATUS TEST_BENCH_MODE -section_id eda_simulation
set_global_assignment -name EDA_NATIVELINK_SIMULATION_TEST_BENCH plasma_tbw -section_id eda_simulation
set_global_assignment -name EDA_NATIVELINK_SIMULATION_SETUP_SCRIPT inicio.txt -section_id eda_simulation
set_global_assignment -name EDA_TEST_BENCH_NAME plasma_tbw -section_id eda_simulation
set_global_assignment -name EDA_DESIGN_INSTANCE_NAME behavior. -section_id plasma_tbw
set_global_assignment -name EDA_TEST_BENCH_MODULE_NAME plasma_tbw -section_id plasma_tbw
set_global_assignment -name EDA_TEST_BENCH_FILE plasma_tbw.vhd -section_id plasma_tbw
set_global_assignment -name PARTITION_NETLIST_TYPE SOURCE -section_id Top
set_global_assignment -name PARTITION_COLOR 16764057 -section_id Top
set_global_assignment -name LL_ROOT_REGION ON -section_id "Root Region"
set_global_assignment -name LL_MEMBER_STATE LOCKED -section_id "Root Region"
set_instance_assignment -name PARTITION_HIERARCHY root_partition -to | -section_id Top